
Microsoft Visual Studio Solution File, Format Version 12.00
# Visual Studio Version 17
VisualStudioVersion = 17.4.33213.308
MinimumVisualStudioVersion = 10.0.40219.1
Project("{9A19103F-16F7-4668-BE54-9A1E7A4F7556}") = "SchoolManagementWebApp.UI", "SchoolManagementWebApp\SchoolManagementWebApp.UI.csproj", "{51D26487-C364-4BA8-A552-F19A5E94660D}"
EndProject
Project("{2150E333-8FDC-42A3-9474-1A3956D46DE8}") = "src", "src", "{F9531A1D-5082-4A5A-B76F-061E8F3D1AE2}"
EndProject
Project("{2150E333-8FDC-42A3-9474-1A3956D46DE8}") = "tests", "tests", "{D98553A0-735C-403F-A047-FAC44D69BDC0}"
EndProject
Project("{9A19103F-16F7-4668-BE54-9A1E7A4F7556}") = "SchoolManagementWebApp.ControllerTests", "SchoolManagementWebApp.ControllerTests\SchoolManagementWebApp.ControllerTests.csproj", "{7E79A367-0442-41B4-8266-C96C0DFA58F8}"
EndProject
Project("{9A19103F-16F7-4668-BE54-9A1E7A4F7556}") = "SchoolManagementWebApp.Core", "SchoolManagementWebApp.Core\SchoolManagementWebApp.Core.csproj", "{E262A62E-711F-412D-9701-DDABAC212988}"
EndProject
Project("{9A19103F-16F7-4668-BE54-9A1E7A4F7556}") = "SchoolManagementWebApp.Infrastructure", "SchoolManagementWebApp.Infrastructure\SchoolManagementWebApp.Infrastructure.csproj", "{7170FC06-61AF-497E-B292-892D41E1A7C3}"
EndProject
Project("{9A19103F-16F7-4668-BE54-9A1E7A4F7556}") = "SchoolManagementWebApp.RepositoryTests", "SchoolManagementWebApp.RepositoryTests\SchoolManagementWebApp.RepositoryTests.csproj", "{3C7DE811-8087-47CF-8C18-173860F2FC74}"
EndProject
Project("{FAE04EC0-301F-11D3-BF4B-00C04F79EFBC}") = "SchoolManagementWebApp.ServiceTests", "SchoolManagementWebApp.ServiceTests\SchoolManagementWebApp.ServiceTests.csproj", "{B9431BE8-4408-4E11-ABFA-4717E32BAC3A}"
EndProject
Global
	GlobalSection(SolutionConfigurationPlatforms) = preSolution
		Debug|Any CPU = Debug|Any CPU
		Release|Any CPU = Release|Any CPU
	EndGlobalSection
	GlobalSection(ProjectConfigurationPlatforms) = postSolution
		{51D26487-C364-4BA8-A552-F19A5E94660D}.Debug|Any CPU.ActiveCfg = Debug|Any CPU
		{51D26487-C364-4BA8-A552-F19A5E94660D}.Debug|Any CPU.Build.0 = Debug|Any CPU
		{51D26487-C364-4BA8-A552-F19A5E94660D}.Release|Any CPU.ActiveCfg = Release|Any CPU
		{51D26487-C364-4BA8-A552-F19A5E94660D}.Release|Any CPU.Build.0 = Release|Any CPU
		{7E79A367-0442-41B4-8266-C96C0DFA58F8}.Debug|Any CPU.ActiveCfg = Debug|Any CPU
		{7E79A367-0442-41B4-8266-C96C0DFA58F8}.Debug|Any CPU.Build.0 = Debug|Any CPU
		{7E79A367-0442-41B4-8266-C96C0DFA58F8}.Release|Any CPU.ActiveCfg = Release|Any CPU
		{7E79A367-0442-41B4-8266-C96C0DFA58F8}.Release|Any CPU.Build.0 = Release|Any CPU
		{E262A62E-711F-412D-9701-DDABAC212988}.Debug|Any CPU.ActiveCfg = Debug|Any CPU
		{E262A62E-711F-412D-9701-DDABAC212988}.Debug|Any CPU.Build.0 = Debug|Any CPU
		{E262A62E-711F-412D-9701-DDABAC212988}.Release|Any CPU.ActiveCfg = Release|Any CPU
		{E262A62E-711F-412D-9701-DDABAC212988}.Release|Any CPU.Build.0 = Release|Any CPU
		{7170FC06-61AF-497E-B292-892D41E1A7C3}.Debug|Any CPU.ActiveCfg = Debug|Any CPU
		{7170FC06-61AF-497E-B292-892D41E1A7C3}.Debug|Any CPU.Build.0 = Debug|Any CPU
		{7170FC06-61AF-497E-B292-892D41E1A7C3}.Release|Any CPU.ActiveCfg = Release|Any CPU
		{7170FC06-61AF-497E-B292-892D41E1A7C3}.Release|Any CPU.Build.0 = Release|Any CPU
		{3C7DE811-8087-47CF-8C18-173860F2FC74}.Debug|Any CPU.ActiveCfg = Debug|Any CPU
		{3C7DE811-8087-47CF-8C18-173860F2FC74}.Debug|Any CPU.Build.0 = Debug|Any CPU
		{3C7DE811-8087-47CF-8C18-173860F2FC74}.Release|Any CPU.ActiveCfg = Release|Any CPU
		{3C7DE811-8087-47CF-8C18-173860F2FC74}.Release|Any CPU.Build.0 = Release|Any CPU
		{B9431BE8-4408-4E11-ABFA-4717E32BAC3A}.Debug|Any CPU.ActiveCfg = Debug|Any CPU
		{B9431BE8-4408-4E11-ABFA-4717E32BAC3A}.Debug|Any CPU.Build.0 = Debug|Any CPU
		{B9431BE8-4408-4E11-ABFA-4717E32BAC3A}.Release|Any CPU.ActiveCfg = Release|Any CPU
		{B9431BE8-4408-4E11-ABFA-4717E32BAC3A}.Release|Any CPU.Build.0 = Release|Any CPU
	EndGlobalSection
	GlobalSection(SolutionProperties) = preSolution
		HideSolutionNode = FALSE
	EndGlobalSection
	GlobalSection(NestedProjects) = preSolution
		{51D26487-C364-4BA8-A552-F19A5E94660D} = {F9531A1D-5082-4A5A-B76F-061E8F3D1AE2}
		{7E79A367-0442-41B4-8266-C96C0DFA58F8} = {D98553A0-735C-403F-A047-FAC44D69BDC0}
		{E262A62E-711F-412D-9701-DDABAC212988} = {F9531A1D-5082-4A5A-B76F-061E8F3D1AE2}
		{7170FC06-61AF-497E-B292-892D41E1A7C3} = {F9531A1D-5082-4A5A-B76F-061E8F3D1AE2}
		{3C7DE811-8087-47CF-8C18-173860F2FC74} = {D98553A0-735C-403F-A047-FAC44D69BDC0}
		{B9431BE8-4408-4E11-ABFA-4717E32BAC3A} = {D98553A0-735C-403F-A047-FAC44D69BDC0}
	EndGlobalSection
	GlobalSection(ExtensibilityGlobals) = postSolution
		SolutionGuid = {0964B899-11B4-4779-B097-EC7196B07B2C}
	EndGlobalSection
EndGlobal
